
Microsoft Visual Studio Solution File, Format Version 12.00
# Visual Studio Version 16
VisualStudioVersion = 16.0.30413.136
MinimumVisualStudioVersion = 10.0.40219.1
Project("{FAE04EC0-301F-11D3-BF4B-00C04F79EFBC}") = "ObjectOrienteretProg", "Mandag\ObjectOrienteretProg.csproj", "{2385A2CE-9804-479B-BF77-C4C99CD306DA}"
EndProject
Global
	GlobalSection(SolutionConfigurationPlatforms) = preSolution
		Debug|Any CPU = Debug|Any CPU
		Release|Any CPU = Release|Any CPU
	EndGlobalSection
	GlobalSection(ProjectConfigurationPlatforms) = postSolution
		{2385A2CE-9804-479B-BF77-C4C99CD306DA}.Debug|Any CPU.ActiveCfg = Debug|Any CPU
		{2385A2CE-9804-479B-BF77-C4C99CD306DA}.Debug|Any CPU.Build.0 = Debug|Any CPU
		{2385A2CE-9804-479B-BF77-C4C99CD306DA}.Release|Any CPU.ActiveCfg = Release|Any CPU
		{2385A2CE-9804-479B-BF77-C4C99CD306DA}.Release|Any CPU.Build.0 = Release|Any CPU
	EndGlobalSection
	GlobalSection(SolutionProperties) = preSolution
		HideSolutionNode = FALSE
	EndGlobalSection
	GlobalSection(ExtensibilityGlobals) = postSolution
		SolutionGuid = {E856A233-7142-4A3E-A10C-D707842FD65B}
	EndGlobalSection
EndGlobal
